
Microsoft Visual Studio Solution File, Format Version 12.00
# Visual Studio Version 16
VisualStudioVersion = 16.0.30204.135
MinimumVisualStudioVersion = 10.0.40219.1
Project("{9A19103F-16F7-4668-BE54-9A1E7A4F7556}") = "PrintingTriangle", "PrintingTriangle\PrintingTriangle.csproj", "{87C65419-B551-40AE-A8CC-61D3338B504F}"
EndProject
Project("{9A19103F-16F7-4668-BE54-9A1E7A4F7556}") = "DrawFilledSquare", "DrawFilledSquare\DrawFilledSquare.csproj", "{ABDB7E8F-0B9A-4669-AAC0-B76D166C7D44}"
EndProject
Project("{FAE04EC0-301F-11D3-BF4B-00C04F79EFBC}") = "MasterNumbers", "MasterNumbers\MasterNumbers.csproj", "{8DDD3ABA-CE71-4EB0-88DF-CB8AF14A950C}"
EndProject
Project("{FAE04EC0-301F-11D3-BF4B-00C04F79EFBC}") = "DebuggingExercises", "DebuggingExercises\DebuggingExercises.csproj", "{00499EAF-3B1B-46B6-82DF-5C77DA5C130C}"
EndProject
Global
	GlobalSection(SolutionConfigurationPlatforms) = preSolution
		Debug|Any CPU = Debug|Any CPU
		Release|Any CPU = Release|Any CPU
	EndGlobalSection
	GlobalSection(ProjectConfigurationPlatforms) = postSolution
		{87C65419-B551-40AE-A8CC-61D3338B504F}.Debug|Any CPU.ActiveCfg = Debug|Any CPU
		{87C65419-B551-40AE-A8CC-61D3338B504F}.Debug|Any CPU.Build.0 = Debug|Any CPU
		{87C65419-B551-40AE-A8CC-61D3338B504F}.Release|Any CPU.ActiveCfg = Release|Any CPU
		{87C65419-B551-40AE-A8CC-61D3338B504F}.Release|Any CPU.Build.0 = Release|Any CPU
		{ABDB7E8F-0B9A-4669-AAC0-B76D166C7D44}.Debug|Any CPU.ActiveCfg = Debug|Any CPU
		{ABDB7E8F-0B9A-4669-AAC0-B76D166C7D44}.Debug|Any CPU.Build.0 = Debug|Any CPU
		{ABDB7E8F-0B9A-4669-AAC0-B76D166C7D44}.Release|Any CPU.ActiveCfg = Release|Any CPU
		{ABDB7E8F-0B9A-4669-AAC0-B76D166C7D44}.Release|Any CPU.Build.0 = Release|Any CPU
		{8DDD3ABA-CE71-4EB0-88DF-CB8AF14A950C}.Debug|Any CPU.ActiveCfg = Debug|Any CPU
		{8DDD3ABA-CE71-4EB0-88DF-CB8AF14A950C}.Debug|Any CPU.Build.0 = Debug|Any CPU
		{8DDD3ABA-CE71-4EB0-88DF-CB8AF14A950C}.Release|Any CPU.ActiveCfg = Release|Any CPU
		{8DDD3ABA-CE71-4EB0-88DF-CB8AF14A950C}.Release|Any CPU.Build.0 = Release|Any CPU
		{00499EAF-3B1B-46B6-82DF-5C77DA5C130C}.Debug|Any CPU.ActiveCfg = Debug|Any CPU
		{00499EAF-3B1B-46B6-82DF-5C77DA5C130C}.Debug|Any CPU.Build.0 = Debug|Any CPU
		{00499EAF-3B1B-46B6-82DF-5C77DA5C130C}.Release|Any CPU.ActiveCfg = Release|Any CPU
		{00499EAF-3B1B-46B6-82DF-5C77DA5C130C}.Release|Any CPU.Build.0 = Release|Any CPU
	EndGlobalSection
	GlobalSection(SolutionProperties) = preSolution
		HideSolutionNode = FALSE
	EndGlobalSection
	GlobalSection(ExtensibilityGlobals) = postSolution
		SolutionGuid = {03E62E23-8DC2-4AB4-9A52-E4FB6D1BC82A}
	EndGlobalSection
EndGlobal
